
Microsoft Visual Studio Solution File, Format Version 12.00
Project("{FAE04EC0-301F-11D3-BF4B-00C04F79EFBC}") = "AspApp", "AspApp\AspApp.csproj", "{83CD31A7-39D9-4E4C-9BC8-0DE047BE667A}"
EndProject
Global
	GlobalSection(SolutionConfigurationPlatforms) = preSolution
		Debug|Any CPU = Debug|Any CPU
		Release|Any CPU = Release|Any CPU
	EndGlobalSection
	GlobalSection(ProjectConfigurationPlatforms) = postSolution
		{83CD31A7-39D9-4E4C-9BC8-0DE047BE667A}.Debug|Any CPU.ActiveCfg = Debug|Any CPU
		{83CD31A7-39D9-4E4C-9BC8-0DE047BE667A}.Debug|Any CPU.Build.0 = Debug|Any CPU
		{83CD31A7-39D9-4E4C-9BC8-0DE047BE667A}.Release|Any CPU.ActiveCfg = Release|Any CPU
		{83CD31A7-39D9-4E4C-9BC8-0DE047BE667A}.Release|Any CPU.Build.0 = Release|Any CPU
	EndGlobalSection
EndGlobal
